
Microsoft Visual Studio Solution File, Format Version 12.00
# Visual Studio Version 17
VisualStudioVersion = 17.0.31903.59
MinimumVisualStudioVersion = 10.0.40219.1
Project("{FAE04EC0-301F-11D3-BF4B-00C04F79EFBC}") = "PixelArt.Api", "PixelArt.Api\PixelArt.Api.csproj", "{0C87B0A3-148C-4C5C-8A9C-63DA690ECCCD}"
EndProject
Project("{FAE04EC0-301F-11D3-BF4B-00C04F79EFBC}") = "PixelArt.Api.Tests", "PixelArt.Api.Tests\PixelArt.Api.Tests.csproj", "{464EAA3E-D5B0-42CF-A489-5C99FB63041F}"
EndProject
Global
	GlobalSection(SolutionConfigurationPlatforms) = preSolution
		Debug|Any CPU = Debug|Any CPU
		Debug|x64 = Debug|x64
		Debug|x86 = Debug|x86
		Release|Any CPU = Release|Any CPU
		Release|x64 = Release|x64
		Release|x86 = Release|x86
	EndGlobalSection
	GlobalSection(ProjectConfigurationPlatforms) = postSolution
		{0C87B0A3-148C-4C5C-8A9C-63DA690ECCCD}.Debug|Any CPU.ActiveCfg = Debug|Any CPU
		{0C87B0A3-148C-4C5C-8A9C-63DA690ECCCD}.Debug|Any CPU.Build.0 = Debug|Any CPU
		{0C87B0A3-148C-4C5C-8A9C-63DA690ECCCD}.Debug|x64.ActiveCfg = Debug|Any CPU
		{0C87B0A3-148C-4C5C-8A9C-63DA690ECCCD}.Debug|x64.Build.0 = Debug|Any CPU
		{0C87B0A3-148C-4C5C-8A9C-63DA690ECCCD}.Debug|x86.ActiveCfg = Debug|Any CPU
		{0C87B0A3-148C-4C5C-8A9C-63DA690ECCCD}.Debug|x86.Build.0 = Debug|Any CPU
		{0C87B0A3-148C-4C5C-8A9C-63DA690ECCCD}.Release|Any CPU.ActiveCfg = Release|Any CPU
		{0C87B0A3-148C-4C5C-8A9C-63DA690ECCCD}.Release|Any CPU.Build.0 = Release|Any CPU
		{0C87B0A3-148C-4C5C-8A9C-63DA690ECCCD}.Release|x64.ActiveCfg = Release|Any CPU
		{0C87B0A3-148C-4C5C-8A9C-63DA690ECCCD}.Release|x64.Build.0 = Release|Any CPU
		{0C87B0A3-148C-4C5C-8A9C-63DA690ECCCD}.Release|x86.ActiveCfg = Release|Any CPU
		{0C87B0A3-148C-4C5C-8A9C-63DA690ECCCD}.Release|x86.Build.0 = Release|Any CPU
		{464EAA3E-D5B0-42CF-A489-5C99FB63041F}.Debug|Any CPU.ActiveCfg = Debug|Any CPU
		{464EAA3E-D5B0-42CF-A489-5C99FB63041F}.Debug|Any CPU.Build.0 = Debug|Any CPU
		{464EAA3E-D5B0-42CF-A489-5C99FB63041F}.Debug|x64.ActiveCfg = Debug|Any CPU
		{464EAA3E-D5B0-42CF-A489-5C99FB63041F}.Debug|x64.Build.0 = Debug|Any CPU
		{464EAA3E-D5B0-42CF-A489-5C99FB63041F}.Debug|x86.ActiveCfg = Debug|Any CPU
		{464EAA3E-D5B0-42CF-A489-5C99FB63041F}.Debug|x86.Build.0 = Debug|Any CPU
		{464EAA3E-D5B0-42CF-A489-5C99FB63041F}.Release|Any CPU.ActiveCfg = Release|Any CPU
		{464EAA3E-D5B0-42CF-A489-5C99FB63041F}.Release|Any CPU.Build.0 = Release|Any CPU
		{464EAA3E-D5B0-42CF-A489-5C99FB63041F}.Release|x64.ActiveCfg = Release|Any CPU
		{464EAA3E-D5B0-42CF-A489-5C99FB63041F}.Release|x64.Build.0 = Release|Any CPU
		{464EAA3E-D5B0-42CF-A489-5C99FB63041F}.Release|x86.ActiveCfg = Release|Any CPU
		{464EAA3E-D5B0-42CF-A489-5C99FB63041F}.Release|x86.Build.0 = Release|Any CPU
	EndGlobalSection
	GlobalSection(SolutionProperties) = preSolution
		HideSolutionNode = FALSE
	EndGlobalSection
EndGlobal
